
Microsoft Visual Studio Solution File, Format Version 12.00
# Visual Studio 14
VisualStudioVersion = 14.0.23107.0
MinimumVisualStudioVersion = 10.0.40219.1
Project("{2150E333-8FDC-42A3-9474-1A3956D46DE8}") = ".paket", ".paket", "{89020085-DF8D-47C2-929E-3EEFDEA30B02}"
	ProjectSection(SolutionItems) = preProject
		paket.dependencies = paket.dependencies
	EndProjectSection
EndProject
Project("{FAE04EC0-301F-11D3-BF4B-00C04F79EFBC}") = "Jalex.Infrastructure", "Jalex.Infrastructure\Jalex.Infrastructure.csproj", "{C9C758B9-BD02-46FA-A382-C4C7BC0E8C69}"
EndProject
Project("{FAE04EC0-301F-11D3-BF4B-00C04F79EFBC}") = "Jalex.Logging", "Jalex.Logging\Jalex.Logging.csproj", "{2463F658-6A65-4951-B020-F7EA2E2033B6}"
EndProject
Project("{FAE04EC0-301F-11D3-BF4B-00C04F79EFBC}") = "Jalex.Repository", "Jalex.Repository\Jalex.Repository.csproj", "{4FA000E8-17BC-41BA-96CF-0EF572991A51}"
EndProject
Project("{FAE04EC0-301F-11D3-BF4B-00C04F79EFBC}") = "Jalex.Repository.Test", "Jalex.Repository.Test\Jalex.Repository.Test.csproj", "{E1619C88-B558-4AE2-B456-D640109B05D5}"
EndProject
Project("{FAE04EC0-301F-11D3-BF4B-00C04F79EFBC}") = "Jalex.Crypto", "Jalex.Crypto\Jalex.Crypto.csproj", "{0A1C43F3-1C59-4994-A72D-58A402A63C0F}"
EndProject
Project("{FAE04EC0-301F-11D3-BF4B-00C04F79EFBC}") = "Jalex.Crypto.Test", "Jalex.Crypto.Test\Jalex.Crypto.Test.csproj", "{B41D24C3-7ED8-4F65-BA63-8E4E9A631A3F}"
EndProject
Project("{FAE04EC0-301F-11D3-BF4B-00C04F79EFBC}") = "Jalex.Authentication", "Jalex.Authentication\Jalex.Authentication.csproj", "{3FD78DD3-8841-462E-907C-41507ABC5D37}"
EndProject
Project("{FAE04EC0-301F-11D3-BF4B-00C04F79EFBC}") = "Jalex.Authentication.Test", "Jalex.Authentication.Test\Jalex.Authentication.Test.csproj", "{7A6CEB43-B9E3-4BC0-A840-541408D9BC12}"
EndProject
Project("{FAE04EC0-301F-11D3-BF4B-00C04F79EFBC}") = "Jalex.TestUtils", "Jalex.TestUtils\Jalex.TestUtils.csproj", "{4D7290FB-0B59-4042-9748-F8ECCED81560}"
EndProject
Project("{FAE04EC0-301F-11D3-BF4B-00C04F79EFBC}") = "Jalex.Infrastructure.Test", "Jalex.Infrastructure.Test\Jalex.Infrastructure.Test.csproj", "{7A6EABD0-C89E-438B-AD6F-DEADC1CB0BDE}"
EndProject
Project("{FAE04EC0-301F-11D3-BF4B-00C04F79EFBC}") = "Jalex.Caching", "Jalex.Caching\Jalex.Caching.csproj", "{7E65DE97-C2FD-45DB-B207-AB0471563CEE}"
EndProject
Project("{FAE04EC0-301F-11D3-BF4B-00C04F79EFBC}") = "Jalex.Caching.Test", "Jalex.Caching.Test\Jalex.Caching.Test.csproj", "{E3DB150F-CEA7-4BFF-A1D0-E450FB015108}"
EndProject
Project("{2150E333-8FDC-42A3-9474-1A3956D46DE8}") = "Tests", "Tests", "{187A3A25-EDF2-4717-98AD-19ECDD95CD84}"
EndProject
Project("{FAE04EC0-301F-11D3-BF4B-00C04F79EFBC}") = "Jalex.Services", "Jalex.Services\Jalex.Services.csproj", "{8D1F62CB-212C-4A1B-8428-75660C66623F}"
EndProject
Project("{FAE04EC0-301F-11D3-BF4B-00C04F79EFBC}") = "Jalex.Services.Test", "Jalex.Services.Test\Jalex.Services.Test.csproj", "{41FFAC09-EBE6-4F45-AAE8-8E269629CB38}"
EndProject
Project("{FAE04EC0-301F-11D3-BF4B-00C04F79EFBC}") = "Jalex.Scripting", "Jalex.Scripting\Jalex.Scripting.csproj", "{999A108A-F632-42EB-B2EF-2228439F6450}"
EndProject
Project("{FAE04EC0-301F-11D3-BF4B-00C04F79EFBC}") = "Jalex.Scripting.Test", "Jalex.Scripting.Test\Jalex.Scripting.Test.csproj", "{58FB6CF5-BCA0-45F7-A4BE-765C2CE689E8}"
EndProject
Project("{FAE04EC0-301F-11D3-BF4B-00C04F79EFBC}") = "Jalex.Concurrency", "Jalex.Concurrency\Jalex.Concurrency.csproj", "{F8C54981-2F19-4461-A095-2DF6B89C5744}"
EndProject
Project("{FAE04EC0-301F-11D3-BF4B-00C04F79EFBC}") = "Jalex.Concurrency.Test", "Jalex.Concurrency.Test\Jalex.Concurrency.Test.csproj", "{11B2CA7D-E5DD-4DDA-9018-FD951808ED4F}"
EndProject
Global
	GlobalSection(SolutionConfigurationPlatforms) = preSolution
		Debug|Any CPU = Debug|Any CPU
		Release|Any CPU = Release|Any CPU
	EndGlobalSection
	GlobalSection(ProjectConfigurationPlatforms) = postSolution
		{C9C758B9-BD02-46FA-A382-C4C7BC0E8C69}.Debug|Any CPU.ActiveCfg = Debug|Any CPU
		{C9C758B9-BD02-46FA-A382-C4C7BC0E8C69}.Debug|Any CPU.Build.0 = Debug|Any CPU
		{C9C758B9-BD02-46FA-A382-C4C7BC0E8C69}.Release|Any CPU.ActiveCfg = Release|Any CPU
		{C9C758B9-BD02-46FA-A382-C4C7BC0E8C69}.Release|Any CPU.Build.0 = Release|Any CPU
		{2463F658-6A65-4951-B020-F7EA2E2033B6}.Debug|Any CPU.ActiveCfg = Debug|Any CPU
		{2463F658-6A65-4951-B020-F7EA2E2033B6}.Debug|Any CPU.Build.0 = Debug|Any CPU
		{2463F658-6A65-4951-B020-F7EA2E2033B6}.Release|Any CPU.ActiveCfg = Release|Any CPU
		{2463F658-6A65-4951-B020-F7EA2E2033B6}.Release|Any CPU.Build.0 = Release|Any CPU
		{4FA000E8-17BC-41BA-96CF-0EF572991A51}.Debug|Any CPU.ActiveCfg = Debug|Any CPU
		{4FA000E8-17BC-41BA-96CF-0EF572991A51}.Debug|Any CPU.Build.0 = Debug|Any CPU
		{4FA000E8-17BC-41BA-96CF-0EF572991A51}.Release|Any CPU.ActiveCfg = Release|Any CPU
		{4FA000E8-17BC-41BA-96CF-0EF572991A51}.Release|Any CPU.Build.0 = Release|Any CPU
		{E1619C88-B558-4AE2-B456-D640109B05D5}.Debug|Any CPU.ActiveCfg = Debug|Any CPU
		{E1619C88-B558-4AE2-B456-D640109B05D5}.Debug|Any CPU.Build.0 = Debug|Any CPU
		{E1619C88-B558-4AE2-B456-D640109B05D5}.Release|Any CPU.ActiveCfg = Release|Any CPU
		{E1619C88-B558-4AE2-B456-D640109B05D5}.Release|Any CPU.Build.0 = Release|Any CPU
		{0A1C43F3-1C59-4994-A72D-58A402A63C0F}.Debug|Any CPU.ActiveCfg = Debug|Any CPU
		{0A1C43F3-1C59-4994-A72D-58A402A63C0F}.Debug|Any CPU.Build.0 = Debug|Any CPU
		{0A1C43F3-1C59-4994-A72D-58A402A63C0F}.Release|Any CPU.ActiveCfg = Release|Any CPU
		{0A1C43F3-1C59-4994-A72D-58A402A63C0F}.Release|Any CPU.Build.0 = Release|Any CPU
		{B41D24C3-7ED8-4F65-BA63-8E4E9A631A3F}.Debug|Any CPU.ActiveCfg = Debug|Any CPU
		{B41D24C3-7ED8-4F65-BA63-8E4E9A631A3F}.Debug|Any CPU.Build.0 = Debug|Any CPU
		{B41D24C3-7ED8-4F65-BA63-8E4E9A631A3F}.Release|Any CPU.ActiveCfg = Release|Any CPU
		{B41D24C3-7ED8-4F65-BA63-8E4E9A631A3F}.Release|Any CPU.Build.0 = Release|Any CPU
		{3FD78DD3-8841-462E-907C-41507ABC5D37}.Debug|Any CPU.ActiveCfg = Debug|Any CPU
		{3FD78DD3-8841-462E-907C-41507ABC5D37}.Debug|Any CPU.Build.0 = Debug|Any CPU
		{3FD78DD3-8841-462E-907C-41507ABC5D37}.Release|Any CPU.ActiveCfg = Release|Any CPU
		{3FD78DD3-8841-462E-907C-41507ABC5D37}.Release|Any CPU.Build.0 = Release|Any CPU
		{7A6CEB43-B9E3-4BC0-A840-541408D9BC12}.Debug|Any CPU.ActiveCfg = Debug|Any CPU
		{7A6CEB43-B9E3-4BC0-A840-541408D9BC12}.Debug|Any CPU.Build.0 = Debug|Any CPU
		{7A6CEB43-B9E3-4BC0-A840-541408D9BC12}.Release|Any CPU.ActiveCfg = Release|Any CPU
		{7A6CEB43-B9E3-4BC0-A840-541408D9BC12}.Release|Any CPU.Build.0 = Release|Any CPU
		{4D7290FB-0B59-4042-9748-F8ECCED81560}.Debug|Any CPU.ActiveCfg = Debug|Any CPU
		{4D7290FB-0B59-4042-9748-F8ECCED81560}.Debug|Any CPU.Build.0 = Debug|Any CPU
		{4D7290FB-0B59-4042-9748-F8ECCED81560}.Release|Any CPU.ActiveCfg = Release|Any CPU
		{4D7290FB-0B59-4042-9748-F8ECCED81560}.Release|Any CPU.Build.0 = Release|Any CPU
		{7A6EABD0-C89E-438B-AD6F-DEADC1CB0BDE}.Debug|Any CPU.ActiveCfg = Debug|Any CPU
		{7A6EABD0-C89E-438B-AD6F-DEADC1CB0BDE}.Debug|Any CPU.Build.0 = Debug|Any CPU
		{7A6EABD0-C89E-438B-AD6F-DEADC1CB0BDE}.Release|Any CPU.ActiveCfg = Release|Any CPU
		{7A6EABD0-C89E-438B-AD6F-DEADC1CB0BDE}.Release|Any CPU.Build.0 = Release|Any CPU
		{7E65DE97-C2FD-45DB-B207-AB0471563CEE}.Debug|Any CPU.ActiveCfg = Debug|Any CPU
		{7E65DE97-C2FD-45DB-B207-AB0471563CEE}.Debug|Any CPU.Build.0 = Debug|Any CPU
		{7E65DE97-C2FD-45DB-B207-AB0471563CEE}.Release|Any CPU.ActiveCfg = Release|Any CPU
		{7E65DE97-C2FD-45DB-B207-AB0471563CEE}.Release|Any CPU.Build.0 = Release|Any CPU
		{E3DB150F-CEA7-4BFF-A1D0-E450FB015108}.Debug|Any CPU.ActiveCfg = Debug|Any CPU
		{E3DB150F-CEA7-4BFF-A1D0-E450FB015108}.Debug|Any CPU.Build.0 = Debug|Any CPU
		{E3DB150F-CEA7-4BFF-A1D0-E450FB015108}.Release|Any CPU.ActiveCfg = Release|Any CPU
		{E3DB150F-CEA7-4BFF-A1D0-E450FB015108}.Release|Any CPU.Build.0 = Release|Any CPU
		{8D1F62CB-212C-4A1B-8428-75660C66623F}.Debug|Any CPU.ActiveCfg = Debug|Any CPU
		{8D1F62CB-212C-4A1B-8428-75660C66623F}.Debug|Any CPU.Build.0 = Debug|Any CPU
		{8D1F62CB-212C-4A1B-8428-75660C66623F}.Release|Any CPU.ActiveCfg = Release|Any CPU
		{8D1F62CB-212C-4A1B-8428-75660C66623F}.Release|Any CPU.Build.0 = Release|Any CPU
		{41FFAC09-EBE6-4F45-AAE8-8E269629CB38}.Debug|Any CPU.ActiveCfg = Debug|Any CPU
		{41FFAC09-EBE6-4F45-AAE8-8E269629CB38}.Debug|Any CPU.Build.0 = Debug|Any CPU
		{41FFAC09-EBE6-4F45-AAE8-8E269629CB38}.Release|Any CPU.ActiveCfg = Release|Any CPU
		{41FFAC09-EBE6-4F45-AAE8-8E269629CB38}.Release|Any CPU.Build.0 = Release|Any CPU
		{999A108A-F632-42EB-B2EF-2228439F6450}.Debug|Any CPU.ActiveCfg = Debug|Any CPU
		{999A108A-F632-42EB-B2EF-2228439F6450}.Debug|Any CPU.Build.0 = Debug|Any CPU
		{999A108A-F632-42EB-B2EF-2228439F6450}.Release|Any CPU.ActiveCfg = Release|Any CPU
		{999A108A-F632-42EB-B2EF-2228439F6450}.Release|Any CPU.Build.0 = Release|Any CPU
		{58FB6CF5-BCA0-45F7-A4BE-765C2CE689E8}.Debug|Any CPU.ActiveCfg = Debug|Any CPU
		{58FB6CF5-BCA0-45F7-A4BE-765C2CE689E8}.Debug|Any CPU.Build.0 = Debug|Any CPU
		{58FB6CF5-BCA0-45F7-A4BE-765C2CE689E8}.Release|Any CPU.ActiveCfg = Release|Any CPU
		{58FB6CF5-BCA0-45F7-A4BE-765C2CE689E8}.Release|Any CPU.Build.0 = Release|Any CPU
		{F8C54981-2F19-4461-A095-2DF6B89C5744}.Debug|Any CPU.ActiveCfg = Debug|Any CPU
		{F8C54981-2F19-4461-A095-2DF6B89C5744}.Debug|Any CPU.Build.0 = Debug|Any CPU
		{F8C54981-2F19-4461-A095-2DF6B89C5744}.Release|Any CPU.ActiveCfg = Release|Any CPU
		{F8C54981-2F19-4461-A095-2DF6B89C5744}.Release|Any CPU.Build.0 = Release|Any CPU
		{11B2CA7D-E5DD-4DDA-9018-FD951808ED4F}.Debug|Any CPU.ActiveCfg = Debug|Any CPU
		{11B2CA7D-E5DD-4DDA-9018-FD951808ED4F}.Debug|Any CPU.Build.0 = Debug|Any CPU
		{11B2CA7D-E5DD-4DDA-9018-FD951808ED4F}.Release|Any CPU.ActiveCfg = Release|Any CPU
		{11B2CA7D-E5DD-4DDA-9018-FD951808ED4F}.Release|Any CPU.Build.0 = Release|Any CPU
	EndGlobalSection
	GlobalSection(SolutionProperties) = preSolution
		HideSolutionNode = FALSE
	EndGlobalSection
	GlobalSection(NestedProjects) = preSolution
		{E1619C88-B558-4AE2-B456-D640109B05D5} = {187A3A25-EDF2-4717-98AD-19ECDD95CD84}
		{B41D24C3-7ED8-4F65-BA63-8E4E9A631A3F} = {187A3A25-EDF2-4717-98AD-19ECDD95CD84}
		{7A6CEB43-B9E3-4BC0-A840-541408D9BC12} = {187A3A25-EDF2-4717-98AD-19ECDD95CD84}
		{7A6EABD0-C89E-438B-AD6F-DEADC1CB0BDE} = {187A3A25-EDF2-4717-98AD-19ECDD95CD84}
		{E3DB150F-CEA7-4BFF-A1D0-E450FB015108} = {187A3A25-EDF2-4717-98AD-19ECDD95CD84}
		{41FFAC09-EBE6-4F45-AAE8-8E269629CB38} = {187A3A25-EDF2-4717-98AD-19ECDD95CD84}
		{58FB6CF5-BCA0-45F7-A4BE-765C2CE689E8} = {187A3A25-EDF2-4717-98AD-19ECDD95CD84}
		{11B2CA7D-E5DD-4DDA-9018-FD951808ED4F} = {187A3A25-EDF2-4717-98AD-19ECDD95CD84}
	EndGlobalSection
EndGlobal
